
Microsoft Visual Studio Solution File, Format Version 12.00
# Visual Studio Version 17
VisualStudioVersion = 17.9.34607.119
MinimumVisualStudioVersion = 10.0.40219.1
Project("{9A19103F-16F7-4668-BE54-9A1E7A4F7556}") = "SourceFuse.Assessment.Api", "SourceFuse.Assessment.Api\SourceFuse.Assessment.Api.csproj", "{A6EF4957-4727-4AA8-B67F-4B8C57881825}"
EndProject
Project("{9A19103F-16F7-4668-BE54-9A1E7A4F7556}") = "SourceFuse.Assessment.Common", "SourceFuse.Assessment.Common\SourceFuse.Assessment.Common.csproj", "{2DC3EAC4-D329-45A6-A139-63CF83D5DB08}"
EndProject
Project("{FAE04EC0-301F-11D3-BF4B-00C04F79EFBC}") = "SourceFuse.Assessment.Tests", "SourceFuse.Assessment.Tests\SourceFuse.Assessment.Tests.csproj", "{1D3536AA-E6BD-42AF-88E2-C94E011A1C23}"
EndProject
Global
	GlobalSection(SolutionConfigurationPlatforms) = preSolution
		Debug|Any CPU = Debug|Any CPU
		Release|Any CPU = Release|Any CPU
	EndGlobalSection
	GlobalSection(ProjectConfigurationPlatforms) = postSolution
		{A6EF4957-4727-4AA8-B67F-4B8C57881825}.Debug|Any CPU.ActiveCfg = Debug|Any CPU
		{A6EF4957-4727-4AA8-B67F-4B8C57881825}.Debug|Any CPU.Build.0 = Debug|Any CPU
		{A6EF4957-4727-4AA8-B67F-4B8C57881825}.Release|Any CPU.ActiveCfg = Release|Any CPU
		{A6EF4957-4727-4AA8-B67F-4B8C57881825}.Release|Any CPU.Build.0 = Release|Any CPU
		{2DC3EAC4-D329-45A6-A139-63CF83D5DB08}.Debug|Any CPU.ActiveCfg = Debug|Any CPU
		{2DC3EAC4-D329-45A6-A139-63CF83D5DB08}.Debug|Any CPU.Build.0 = Debug|Any CPU
		{2DC3EAC4-D329-45A6-A139-63CF83D5DB08}.Release|Any CPU.ActiveCfg = Release|Any CPU
		{2DC3EAC4-D329-45A6-A139-63CF83D5DB08}.Release|Any CPU.Build.0 = Release|Any CPU
		{1D3536AA-E6BD-42AF-88E2-C94E011A1C23}.Debug|Any CPU.ActiveCfg = Debug|Any CPU
		{1D3536AA-E6BD-42AF-88E2-C94E011A1C23}.Debug|Any CPU.Build.0 = Debug|Any CPU
		{1D3536AA-E6BD-42AF-88E2-C94E011A1C23}.Release|Any CPU.ActiveCfg = Release|Any CPU
		{1D3536AA-E6BD-42AF-88E2-C94E011A1C23}.Release|Any CPU.Build.0 = Release|Any CPU
	EndGlobalSection
	GlobalSection(SolutionProperties) = preSolution
		HideSolutionNode = FALSE
	EndGlobalSection
	GlobalSection(ExtensibilityGlobals) = postSolution
		SolutionGuid = {73253D14-94B1-44D8-986D-5270998A46A1}
	EndGlobalSection
EndGlobal
